
Microsoft Visual Studio Solution File, Format Version 12.00
# Visual Studio Version 17
VisualStudioVersion = 17.1.32210.238
MinimumVisualStudioVersion = 10.0.40219.1
Project("{FAE04EC0-301F-11D3-BF4B-00C04F79EFBC}") = "HermitovSplajn", "HermitovSplajn\HermitovSplajn.csproj", "{CFFA621D-878C-44CD-87BD-048EC551B390}"
EndProject
Global
	GlobalSection(SolutionConfigurationPlatforms) = preSolution
		Debug|Any CPU = Debug|Any CPU
		Release|Any CPU = Release|Any CPU
	EndGlobalSection
	GlobalSection(ProjectConfigurationPlatforms) = postSolution
		{CFFA621D-878C-44CD-87BD-048EC551B390}.Debug|Any CPU.ActiveCfg = Debug|Any CPU
		{CFFA621D-878C-44CD-87BD-048EC551B390}.Debug|Any CPU.Build.0 = Debug|Any CPU
		{CFFA621D-878C-44CD-87BD-048EC551B390}.Release|Any CPU.ActiveCfg = Release|Any CPU
		{CFFA621D-878C-44CD-87BD-048EC551B390}.Release|Any CPU.Build.0 = Release|Any CPU
	EndGlobalSection
	GlobalSection(SolutionProperties) = preSolution
		HideSolutionNode = FALSE
	EndGlobalSection
	GlobalSection(ExtensibilityGlobals) = postSolution
		SolutionGuid = {FF5A437D-2775-4B3D-9FB7-E886CDA3FFC2}
	EndGlobalSection
EndGlobal
